<?xml version="1.0" encoding="utf-8"?>
<Project ToolsVersion="4.0" xmlns="http://schemas.microsoft.com/developer/msbuild/2003">
  <ItemGroup>
    <Filter Include="Source Files">
      <UniqueIdentifier>{4FC737F1-C7A5-4376-A066-2A32D752A2FF}</UniqueIdentifier>
      <Extensions>cpp;c;cc;cxx;c++;cppm;ixx;def;odl;idl;hpj;bat;asm;asmx</Extensions>
    </Filter>
    <Filter Include="Header Files">
      <UniqueIdentifier>{93995380-89BD-4b04-88EB-625FBE52EBFB}</UniqueIdentifier>
      <Extensions>h;hh;hpp;hxx;h++;hm;inl;inc;ipp;xsd</Extensions>
    </Filter>
    <Filter Include="Resource Files">
      <UniqueIdentifier>{67DA6AB6-F800-4c08-8B7A-83BB121AAD01}</UniqueIdentifier>
      <Extensions>rc;ico;cur;bmp;dlg;rc2;rct;bin;rgs;gif;jpg;jpeg;jpe;resx;tiff;tif;png;wav;mfcribbon-ms</Extensions>
    </Filter>
  </ItemGroup>
  <ItemGroup>
    <ClCompile Include="src\System\Private\Window.c">
      <Filter>Source Files</Filter>
    </ClCompile>
    <ClCompile Include="src\System\Private\SystemConsole.c">
      <Filter>Source Files</Filter>
    </ClCompile>
    <ClCompile Include="src\System\Private\Logger.c">
      <Filter>Source Files</Filter>
    </ClCompile>
    <ClCompile Include="src\Containers\Private\DynamicArray.c">
      <Filter>Source Files</Filter>
    </ClCompile>
    <ClCompile Include="src\System\Private\Clock.c">
      <Filter>Source Files</Filter>
    </ClCompile>
    <ClCompile Include="src\Main.c">
      <Filter>Source Files</Filter>
    </ClCompile>
    <ClCompile Include="src\Application.c">
      <Filter>Source Files</Filter>
    </ClCompile>
    <ClCompile Include="src\Renderer\Private\Renderer.c">
      <Filter>Source Files</Filter>
    </ClCompile>
    <ClCompile Include="src\Renderer\Private\Vulkan\VulkanRenderer.c">
      <Filter>Source Files</Filter>
    </ClCompile>
    <ClCompile Include="src\Renderer\Private\Vulkan\VulkanSurface.c">
      <Filter>Source Files</Filter>
    </ClCompile>
    <ClCompile Include="src\Renderer\Private\Vulkan\VulkanDebugger.c">
      <Filter>Source Files</Filter>
    </ClCompile>
  </ItemGroup>
  <ItemGroup>
    <ClInclude Include="src\System\Window.h">
      <Filter>Header Files</Filter>
    </ClInclude>
    <ClInclude Include="src\System\SystemConsole.h">
      <Filter>Header Files</Filter>
    </ClInclude>
    <ClInclude Include="src\System\Defines.h">
      <Filter>Header Files</Filter>
    </ClInclude>
    <ClInclude Include="src\System\Logger.h">
      <Filter>Header Files</Filter>
    </ClInclude>
    <ClInclude Include="src\Containers\DynamicArray.h">
      <Filter>Header Files</Filter>
    </ClInclude>
    <ClInclude Include="src\System\Clock.h">
      <Filter>Header Files</Filter>
    </ClInclude>
    <ClInclude Include="src\Application.h">
      <Filter>Header Files</Filter>
    </ClInclude>
    <ClInclude Include="src\Renderer\Renderer.h">
      <Filter>Header Files</Filter>
    </ClInclude>
    <ClInclude Include="src\Renderer\Private\Vulkan\VulkanSurface.h">
      <Filter>Header Files</Filter>
    </ClInclude>
    <ClInclude Include="src\System\Private\Win32WindowData.inl">
      <Filter>Header Files</Filter>
    </ClInclude>
    <ClInclude Include="src\Renderer\Private\Vulkan\VulkanDebugger.h">
      <Filter>Header Files</Filter>
    </ClInclude>
  </ItemGroup>
  <ItemGroup>
    <None Include="src\Renderer\Private\Vulkan\VulkanRendererData.inl">
      <Filter>Header Files</Filter>
    </None>
  </ItemGroup>
</Project>